
Microsoft Visual Studio Solution File, Format Version 12.00
# Visual Studio Version 17
VisualStudioVersion = 17.9.34723.18
MinimumVisualStudioVersion = 10.0.40219.1
Project("{FAE04EC0-301F-11D3-BF4B-00C04F79EFBC}") = "Zadanie1PDN", "Zadanie1PDN\Zadanie1PDN.csproj", "{FD1BD4DD-C397-496E-859C-952331941D2B}"
EndProject
Global
	GlobalSection(SolutionConfigurationPlatforms) = preSolution
		Debug|Any CPU = Debug|Any CPU
		Release|Any CPU = Release|Any CPU
	EndGlobalSection
	GlobalSection(ProjectConfigurationPlatforms) = postSolution
		{FD1BD4DD-C397-496E-859C-952331941D2B}.Debug|Any CPU.ActiveCfg = Debug|Any CPU
		{FD1BD4DD-C397-496E-859C-952331941D2B}.Debug|Any CPU.Build.0 = Debug|Any CPU
		{FD1BD4DD-C397-496E-859C-952331941D2B}.Release|Any CPU.ActiveCfg = Release|Any CPU
		{FD1BD4DD-C397-496E-859C-952331941D2B}.Release|Any CPU.Build.0 = Release|Any CPU
	EndGlobalSection
	GlobalSection(SolutionProperties) = preSolution
		HideSolutionNode = FALSE
	EndGlobalSection
	GlobalSection(ExtensibilityGlobals) = postSolution
		SolutionGuid = {DD382946-3017-4BD4-B075-0875B8055D06}
	EndGlobalSection
EndGlobal
